
Microsoft Visual Studio Solution File, Format Version 12.00
# Visual Studio Version 17
VisualStudioVersion = 17.7.34031.279
MinimumVisualStudioVersion = 10.0.40219.1
Project("{FAE04EC0-301F-11D3-BF4B-00C04F79EFBC}") = "homework1", "homework1\homework1.csproj", "{0AC4AE0C-53A6-4E4B-B5AF-D9E86B841F9B}"
EndProject
Project("{FAE04EC0-301F-11D3-BF4B-00C04F79EFBC}") = "homework1.Web", "homework1.Web\homework1.Web.csproj", "{27861B2F-4C3C-4495-A234-D06B6BE698EC}"
EndProject
Global
	GlobalSection(SolutionConfigurationPlatforms) = preSolution
		Debug|Any CPU = Debug|Any CPU
		Release|Any CPU = Release|Any CPU
	EndGlobalSection
	GlobalSection(ProjectConfigurationPlatforms) = postSolution
		{0AC4AE0C-53A6-4E4B-B5AF-D9E86B841F9B}.Debug|Any CPU.ActiveCfg = Debug|Any CPU
		{0AC4AE0C-53A6-4E4B-B5AF-D9E86B841F9B}.Debug|Any CPU.Build.0 = Debug|Any CPU
		{0AC4AE0C-53A6-4E4B-B5AF-D9E86B841F9B}.Debug|Any CPU.Deploy.0 = Debug|Any CPU
		{0AC4AE0C-53A6-4E4B-B5AF-D9E86B841F9B}.Release|Any CPU.ActiveCfg = Release|Any CPU
		{0AC4AE0C-53A6-4E4B-B5AF-D9E86B841F9B}.Release|Any CPU.Build.0 = Release|Any CPU
		{0AC4AE0C-53A6-4E4B-B5AF-D9E86B841F9B}.Release|Any CPU.Deploy.0 = Release|Any CPU
		{27861B2F-4C3C-4495-A234-D06B6BE698EC}.Debug|Any CPU.ActiveCfg = Debug|Any CPU
		{27861B2F-4C3C-4495-A234-D06B6BE698EC}.Debug|Any CPU.Build.0 = Debug|Any CPU
		{27861B2F-4C3C-4495-A234-D06B6BE698EC}.Release|Any CPU.ActiveCfg = Release|Any CPU
		{27861B2F-4C3C-4495-A234-D06B6BE698EC}.Release|Any CPU.Build.0 = Release|Any CPU
	EndGlobalSection
	GlobalSection(SolutionProperties) = preSolution
		HideSolutionNode = FALSE
	EndGlobalSection
	GlobalSection(ExtensibilityGlobals) = postSolution
		SolutionGuid = {0A20516A-3EC5-45A8-9EBC-F78DF7EBCFBE}
	EndGlobalSection
EndGlobal
